{
  "name": "performance-test",
  "version": "1.0.0",
  "lockfileVersion": 2,
  "requires": true,
  "packages": {
    "": {
      "name": "performance-test",
      "version": "1.0.0",
      "license": "ISC",
      "dependencies": {
        "immer": "^9.0.17",
        "mobx": "^6.7.0",
        "xstate": "^4.35.2"
      }
    },
    "node_modules/immer": {
      "version": "9.0.17",
      "resolved": "https://registry.npmjs.org/immer/-/immer-9.0.17.tgz",
      "integrity": "sha512-+hBruaLSQvkPfxRiTLK/mi4vLH+/VQS6z2KJahdoxlleFOI8ARqzOF17uy12eFDlqWmPoygwc5evgwcp+dlHhg==",
      "funding": {
        "type": "opencollective",
        "url": "https://opencollective.com/immer"
      }
    },
    "node_modules/mobx": {
      "version": "6.7.0",
      "resolved": "https://registry.npmjs.org/mobx/-/mobx-6.7.0.tgz",
      "integrity": "sha512-1kBLBdSNG2bA522HQdbsTvwAwYf9hq9FWxmlhX7wTsJUAI54907J+ozfGW+LoYUo06vjit748g6QH1AAGLNebw==",
      "funding": {
        "type": "opencollective",
        "url": "https://opencollective.com/mobx"
      }
    },
    "node_modules/xstate": {
      "version": "4.35.2",
      "resolved": "https://registry.npmjs.org/xstate/-/xstate-4.35.2.tgz",
      "integrity": "sha512-5X7EyJv5OHHtGQwN7DsmCAbSnDs3Mxl1cXQ4PVaLwi+7p/RRapERnd1dFyHjYin+KQoLLfuXpl1dPBThgyIGNg==",
      "funding": {
        "type": "opencollective",
        "url": "https://opencollective.com/xstate"
      }
    }
  },
  "dependencies": {
    "immer": {
      "version": "9.0.17",
      "resolved": "https://registry.npmjs.org/immer/-/immer-9.0.17.tgz",
      "integrity": "sha512-+hBruaLSQvkPfxRiTLK/mi4vLH+/VQS6z2KJahdoxlleFOI8ARqzOF17uy12eFDlqWmPoygwc5evgwcp+dlHhg=="
    },
    "mobx": {
      "version": "6.7.0",
      "resolved": "https://registry.npmjs.org/mobx/-/mobx-6.7.0.tgz",
      "integrity": "sha512-1kBLBdSNG2bA522HQdbsTvwAwYf9hq9FWxmlhX7wTsJUAI54907J+ozfGW+LoYUo06vjit748g6QH1AAGLNebw=="
    },
    "xstate": {
      "version": "4.35.2",
      "resolved": "https://registry.npmjs.org/xstate/-/xstate-4.35.2.tgz",
      "integrity": "sha512-5X7EyJv5OHHtGQwN7DsmCAbSnDs3Mxl1cXQ4PVaLwi+7p/RRapERnd1dFyHjYin+KQoLLfuXpl1dPBThgyIGNg=="
    }
  }
}
